
Microsoft Visual Studio Solution File, Format Version 11.00
# Visual Studio 2010
Project("{FAE04EC0-301F-11D3-BF4B-00C04F79EFBC}") = "Assembly-CSharp", "Assembly-CSharp.csproj", "{b9232c36-b9e3-a158-b81b-ac72424e1ade}"
EndProject
Project("{FAE04EC0-301F-11D3-BF4B-00C04F79EFBC}") = "Assembly-CSharp-firstpass", "Assembly-CSharp-firstpass.csproj", "{337d228e-9f53-11eb-e9d6-61a7f7e55c6e}"
EndProject
Project("{FAE04EC0-301F-11D3-BF4B-00C04F79EFBC}") = "Assembly-CSharp-Editor", "Assembly-CSharp-Editor.csproj", "{caaf2002-dba7-91dc-da05-14977c89cdaf}"
EndProject
Global
	GlobalSection(SolutionConfigurationPlatforms) = preSolution
		Debug|Any CPU = Debug|Any CPU
	EndGlobalSection
	GlobalSection(ProjectConfigurationPlatforms) = postSolution
		{b9232c36-b9e3-a158-b81b-ac72424e1ade}.Debug|Any CPU.ActiveCfg = Debug|Any CPU
		{b9232c36-b9e3-a158-b81b-ac72424e1ade}.Debug|Any CPU.Build.0 = Debug|Any CPU
		{337d228e-9f53-11eb-e9d6-61a7f7e55c6e}.Debug|Any CPU.ActiveCfg = Debug|Any CPU
		{337d228e-9f53-11eb-e9d6-61a7f7e55c6e}.Debug|Any CPU.Build.0 = Debug|Any CPU
		{caaf2002-dba7-91dc-da05-14977c89cdaf}.Debug|Any CPU.ActiveCfg = Debug|Any CPU
		{caaf2002-dba7-91dc-da05-14977c89cdaf}.Debug|Any CPU.Build.0 = Debug|Any CPU
	EndGlobalSection
	GlobalSection(SolutionProperties) = preSolution
		HideSolutionNode = FALSE
	EndGlobalSection
EndGlobal
